
Microsoft Visual Studio Solution File, Format Version 12.00
# Visual Studio 15
VisualStudioVersion = 15.0.28307.1231
MinimumVisualStudioVersion = 10.0.40219.1
Project("{FAE04EC0-301F-11D3-BF4B-00C04F79EFBC}") = "WizardModal", "WizardModal\WizardModal.csproj", "{89C9FFFD-8B7E-4B33-84AC-6B099148117E}"
EndProject
Global
	GlobalSection(SolutionConfigurationPlatforms) = preSolution
		Debug|Any CPU = Debug|Any CPU
		Release|Any CPU = Release|Any CPU
	EndGlobalSection
	GlobalSection(ProjectConfigurationPlatforms) = postSolution
		{89C9FFFD-8B7E-4B33-84AC-6B099148117E}.Debug|Any CPU.ActiveCfg = Debug|Any CPU
		{89C9FFFD-8B7E-4B33-84AC-6B099148117E}.Debug|Any CPU.Build.0 = Debug|Any CPU
		{89C9FFFD-8B7E-4B33-84AC-6B099148117E}.Release|Any CPU.ActiveCfg = Release|Any CPU
		{89C9FFFD-8B7E-4B33-84AC-6B099148117E}.Release|Any CPU.Build.0 = Release|Any CPU
	EndGlobalSection
	GlobalSection(SolutionProperties) = preSolution
		HideSolutionNode = FALSE
	EndGlobalSection
	GlobalSection(ExtensibilityGlobals) = postSolution
		SolutionGuid = {4DB12384-BBBE-4DA3-AB58-36DDC88167D7}
	EndGlobalSection
EndGlobal
